
Microsoft Visual Studio Solution File, Format Version 12.00
# Visual Studio Version 17
VisualStudioVersion = 17.0.31903.59
MinimumVisualStudioVersion = 10.0.40219.1
Project("{FAE04EC0-301F-11D3-BF4B-00C04F79EFBC}") = "AreaCalculator", "AreaCalculator\AreaCalculator.csproj", "{92FABC1B-204A-4903-A946-12E1F853F189}"
EndProject
Project("{FAE04EC0-301F-11D3-BF4B-00C04F79EFBC}") = "AreaCalculatorTests", "AreaCalculatorTests\AreaCalculatorTests.csproj", "{CC20CD91-AD0D-4A5E-AAF2-01040098A8EE}"
EndProject
Global
	GlobalSection(SolutionConfigurationPlatforms) = preSolution
		Debug|Any CPU = Debug|Any CPU
		Release|Any CPU = Release|Any CPU
	EndGlobalSection
	GlobalSection(SolutionProperties) = preSolution
		HideSolutionNode = FALSE
	EndGlobalSection
	GlobalSection(ProjectConfigurationPlatforms) = postSolution
		{92FABC1B-204A-4903-A946-12E1F853F189}.Debug|Any CPU.ActiveCfg = Debug|Any CPU
		{92FABC1B-204A-4903-A946-12E1F853F189}.Debug|Any CPU.Build.0 = Debug|Any CPU
		{92FABC1B-204A-4903-A946-12E1F853F189}.Release|Any CPU.ActiveCfg = Release|Any CPU
		{92FABC1B-204A-4903-A946-12E1F853F189}.Release|Any CPU.Build.0 = Release|Any CPU
		{CC20CD91-AD0D-4A5E-AAF2-01040098A8EE}.Debug|Any CPU.ActiveCfg = Debug|Any CPU
		{CC20CD91-AD0D-4A5E-AAF2-01040098A8EE}.Debug|Any CPU.Build.0 = Debug|Any CPU
		{CC20CD91-AD0D-4A5E-AAF2-01040098A8EE}.Release|Any CPU.ActiveCfg = Release|Any CPU
		{CC20CD91-AD0D-4A5E-AAF2-01040098A8EE}.Release|Any CPU.Build.0 = Release|Any CPU
	EndGlobalSection
EndGlobal
