
Microsoft Visual Studio Solution File, Format Version 12.00
# Visual Studio Version 17
VisualStudioVersion = 17.0.31903.59
MinimumVisualStudioVersion = 10.0.40219.1
Project("{2150E333-8FDC-42A3-9474-1A3956D46DE8}") = "Exercises", "Exercises", "{500DE95F-070C-4E15-889D-6BDB6A62F7D3}"
EndProject
Project("{FAE04EC0-301F-11D3-BF4B-00C04F79EFBC}") = "SalesTaxCalculator", "Exercises\SalesTaxCalculator\SalesTaxCalculator.csproj", "{0916F85D-C7F8-429D-9269-0136862D30ED}"
EndProject
Global
	GlobalSection(SolutionConfigurationPlatforms) = preSolution
		Debug|Any CPU = Debug|Any CPU
		Release|Any CPU = Release|Any CPU
	EndGlobalSection
	GlobalSection(SolutionProperties) = preSolution
		HideSolutionNode = FALSE
	EndGlobalSection
	GlobalSection(ProjectConfigurationPlatforms) = postSolution
		{0916F85D-C7F8-429D-9269-0136862D30ED}.Debug|Any CPU.ActiveCfg = Debug|Any CPU
		{0916F85D-C7F8-429D-9269-0136862D30ED}.Debug|Any CPU.Build.0 = Debug|Any CPU
		{0916F85D-C7F8-429D-9269-0136862D30ED}.Release|Any CPU.ActiveCfg = Release|Any CPU
		{0916F85D-C7F8-429D-9269-0136862D30ED}.Release|Any CPU.Build.0 = Release|Any CPU
	EndGlobalSection
	GlobalSection(NestedProjects) = preSolution
		{0916F85D-C7F8-429D-9269-0136862D30ED} = {500DE95F-070C-4E15-889D-6BDB6A62F7D3}
	EndGlobalSection
EndGlobal
